
Microsoft Visual Studio Solution File, Format Version 12.00
# Visual Studio Version 16
VisualStudioVersion = 16.0.32510.428
MinimumVisualStudioVersion = 10.0.40219.1
Project("{9A19103F-16F7-4668-BE54-9A1E7A4F7556}") = "Allup", "Allup.csproj", "{1D155C22-CB67-4FF3-9431-153C8D85C874}"
EndProject
Global
	GlobalSection(SolutionConfigurationPlatforms) = preSolution
		Debug|Any CPU = Debug|Any CPU
		Release|Any CPU = Release|Any CPU
	EndGlobalSection
	GlobalSection(ProjectConfigurationPlatforms) = postSolution
		{1D155C22-CB67-4FF3-9431-153C8D85C874}.Debug|Any CPU.ActiveCfg = Debug|Any CPU
		{1D155C22-CB67-4FF3-9431-153C8D85C874}.Debug|Any CPU.Build.0 = Debug|Any CPU
		{1D155C22-CB67-4FF3-9431-153C8D85C874}.Release|Any CPU.ActiveCfg = Release|Any CPU
		{1D155C22-CB67-4FF3-9431-153C8D85C874}.Release|Any CPU.Build.0 = Release|Any CPU
	EndGlobalSection
	GlobalSection(SolutionProperties) = preSolution
		HideSolutionNode = FALSE
	EndGlobalSection
	GlobalSection(ExtensibilityGlobals) = postSolution
		SolutionGuid = {551A6C2C-585A-4A50-B5D5-70EA72C2596B}
	EndGlobalSection
EndGlobal
